
Microsoft Visual Studio Solution File, Format Version 12.00
# Visual Studio Version 17
VisualStudioVersion = 17.10.35122.118
MinimumVisualStudioVersion = 10.0.40219.1
Project("{FAE04EC0-301F-11D3-BF4B-00C04F79EFBC}") = "Flavorsyncserver", "Flavorsyncserver.csproj", "{BF351190-2768-46C4-A96E-F29A3F415301}"
EndProject
Global
	GlobalSection(SolutionConfigurationPlatforms) = preSolution
		Debug|Any CPU = Debug|Any CPU
		Release|Any CPU = Release|Any CPU
	EndGlobalSection
	GlobalSection(ProjectConfigurationPlatforms) = postSolution
		{BF351190-2768-46C4-A96E-F29A3F415301}.Debug|Any CPU.ActiveCfg = Debug|Any CPU
		{BF351190-2768-46C4-A96E-F29A3F415301}.Debug|Any CPU.Build.0 = Debug|Any CPU
		{BF351190-2768-46C4-A96E-F29A3F415301}.Release|Any CPU.ActiveCfg = Release|Any CPU
		{BF351190-2768-46C4-A96E-F29A3F415301}.Release|Any CPU.Build.0 = Release|Any CPU
	EndGlobalSection
	GlobalSection(SolutionProperties) = preSolution
		HideSolutionNode = FALSE
	EndGlobalSection
	GlobalSection(ExtensibilityGlobals) = postSolution
		SolutionGuid = {7DA6868A-76F7-4392-8D4E-A1EB09B55C46}
	EndGlobalSection
EndGlobal
